// !$*UTF8*$!
{
	archiveVersion = 1;
	classes = {
	};
	objectVersion = 52;
	objects = {

/* Begin PBXBuildFile section */
		11722583BD77FCF24303A566 /* Preview Assets.xcassets in Resources */ = {isa = PBXBuildFile; fileRef = 7D49C9C5353A159E3C559DFD /* Preview Assets.xcassets */; };
		1677A81938142167B6B78B6C /* ChannelType.swift in Sources */ = {isa = PBXBuildFile; fileRef = 6EC6FC9657E3CD36FBB7EB75 /* ChannelType.swift */; };
		3899C0656A774A44D857A178 /* ViewStatusManageable.swift in Sources */ = {isa = PBXBuildFile; fileRef = 3288323CA31466DA45A7E8D6 /* ViewStatusManageable.swift */; };
		39189764CD5F86684E0035F8 /* GetEndpoint.swift in Sources */ = {isa = PBXBuildFile; fileRef = C8044F4B17FFC7297B702F7E /* GetEndpoint.swift */; };
		450DB27538E228D5C74AF224 /* NetworkClient.swift in Sources */ = {isa = PBXBuildFile; fileRef = 2352F18BCB91E480E6FC8225 /* NetworkClient.swift */; };
		4D51EDF6EB42AFC9D7D05B56 /* ViewStatus.swift in Sources */ = {isa = PBXBuildFile; fileRef = 977C696191B7FBB1CB819729 /* ViewStatus.swift */; };
		4F309CA89DE7466A1A9263CD /* ChannelRequestsView.swift in Sources */ = {isa = PBXBuildFile; fileRef = 9605DE3E4D3A108E964EAC5A /* ChannelRequestsView.swift */; };
		516D629A76FF2EEDF1A8C24D /* MockNetworkClient.swift in Sources */ = {isa = PBXBuildFile; fileRef = 7AD45DA6016162F5F8735E0F /* MockNetworkClient.swift */; };
		544B25685E4A7BE914E0E9F5 /* LoadingView.swift in Sources */ = {isa = PBXBuildFile; fileRef = 203AF57C771548CFC9B17BE2 /* LoadingView.swift */; };
		56FC043263285C5B7FA5F1EB /* View+Extension.swift in Sources */ = {isa = PBXBuildFile; fileRef = 5F738270B017C897317A309F /* View+Extension.swift */; };
		5F636FEEE2B4A6D2848D581C /* Channel.swift in Sources */ = {isa = PBXBuildFile; fileRef = 3703DBA8427A5845D46C8B78 /* Channel.swift */; };
		7B94A0A40400B8B9999F3083 /* Assets.xcassets in Resources */ = {isa = PBXBuildFile; fileRef = 4E5CABECFE1F147285AF7C64 /* Assets.xcassets */; };
		80713FA74673B96F28219874 /* ChannelRow.swift in Sources */ = {isa = PBXBuildFile; fileRef = DD3E8CF478581B36F62E9363 /* ChannelRow.swift */; };
		82D923352607603131FBDA5F /* ChannelsView.swift in Sources */ = {isa = PBXBuildFile; fileRef = F7174B4020C9F54BB0C16C85 /* ChannelsView.swift */; };
		855CB76FE8F1889B84CC56CA /* Alamofire in Frameworks */ = {isa = PBXBuildFile; productRef = 6CF039E8A8F170C0142DDCBF /* Alamofire */; };
		9575694CD5C185B7FC0566C9 /* ChannelRequest.swift in Sources */ = {isa = PBXBuildFile; fileRef = A12547C39AF8FA16A266BB0F /* ChannelRequest.swift */; };
		9B68E5B1FF99F926A51D375D /* ChannelsViewModel.swift in Sources */ = {isa = PBXBuildFile; fileRef = 017E2ED5905C70861534EF0E /* ChannelsViewModel.swift */; };
		9EC4B4D45799B17AD86F3898 /* SidebarView.swift in Sources */ = {isa = PBXBuildFile; fileRef = C9F1445BA97934E47330A38C /* SidebarView.swift */; };
		A1A12A97716B4562C2342130 /* ViewType.swift in Sources */ = {isa = PBXBuildFile; fileRef = 06FB0A9FFFE5F4CAEDD67307 /* ViewType.swift */; };
		ADC98AC2D54D47AED9D766EC /* TimeInterval+Extension.swift in Sources */ = {isa = PBXBuildFile; fileRef = E216E31D2AA5898CE38BBFFF /* TimeInterval+Extension.swift */; };
		BE47948F69666ADC70DC171B /* ChannelRequestRow.swift in Sources */ = {isa = PBXBuildFile; fileRef = B6CDCF8FEF643D75FB3562BB /* ChannelRequestRow.swift */; };
		BE4EC49225EA7B7F00237968 /* AddChannelRequestView.swift in Sources */ = {isa = PBXBuildFile; fileRef = BE4EC49125EA7B7F00237968 /* AddChannelRequestView.swift */; };
		C51F75621AFA1D3D9EA3A76C /* ChannelRequestStatus.swift in Sources */ = {isa = PBXBuildFile; fileRef = E397F5D91A77BB009F442D71 /* ChannelRequestStatus.swift */; };
		C5E16D068E4C4BE3158EC84D /* ChannelRequestsViewModel.swift in Sources */ = {isa = PBXBuildFile; fileRef = E0FC4EF4142AEAC4F0F5C6EF /* ChannelRequestsViewModel.swift */; };
		D5EAF63A233C197093AB08B0 /* Kingfisher in Frameworks */ = {isa = PBXBuildFile; productRef = E73A7B086C87712599F97715 /* Kingfisher */; };
		D7E730223E5483FB20748753 /* MainView.swift in Sources */ = {isa = PBXBuildFile; fileRef = 67C313E0B39A9D17735F86F6 /* MainView.swift */; };
		F262E7FE53B938E3ACF707E4 /* TagText.swift in Sources */ = {isa = PBXBuildFile; fileRef = D97C2508C6E20E4F53DE957D /* TagText.swift */; };
		FBFDDFB99D8584FE78AA28F9 /* VtDashboardApp.swift in Sources */ = {isa = PBXBuildFile; fileRef = 4F080C8A467FC2FE09BB4D39 /* VtDashboardApp.swift */; };
/* End PBXBuildFile section */

/* Begin PBXContainerItemProxy section */
		0081220B77CC2D9C7A9030A8 /* PBXContainerItemProxy */ = {
			isa = PBXContainerItemProxy;
			containerPortal = 87E9A1746999276B753AE709 /* Project object */;
			proxyType = 1;
			remoteGlobalIDString = 6A336A5E7092B199828B6DA2;
			remoteInfo = VtDashboard;
		};
/* End PBXContainerItemProxy section */

/* Begin PBXFileReference section */
		017E2ED5905C70861534EF0E /* ChannelsViewModel.swift */ = {isa = PBXFileReference; lastKnownFileType = sourcecode.swift; path = ChannelsViewModel.swift; sourceTree = "<group>"; };
		06FB0A9FFFE5F4CAEDD67307 /* ViewType.swift */ = {isa = PBXFileReference; lastKnownFileType = sourcecode.swift; path = ViewType.swift; sourceTree = "<group>"; };
		203AF57C771548CFC9B17BE2 /* LoadingView.swift */ = {isa = PBXFileReference; lastKnownFileType = sourcecode.swift; path = LoadingView.swift; sourceTree = "<group>"; };
		2352F18BCB91E480E6FC8225 /* NetworkClient.swift */ = {isa = PBXFileReference; lastKnownFileType = sourcecode.swift; path = NetworkClient.swift; sourceTree = "<group>"; };
		2840926D78F0CA354A5F6B81 /* Info.plist */ = {isa = PBXFileReference; lastKnownFileType = text.plist; path = Info.plist; sourceTree = "<group>"; };
		3288323CA31466DA45A7E8D6 /* ViewStatusManageable.swift */ = {isa = PBXFileReference; lastKnownFileType = sourcecode.swift; path = ViewStatusManageable.swift; sourceTree = "<group>"; };
		3703DBA8427A5845D46C8B78 /* Channel.swift */ = {isa = PBXFileReference; lastKnownFileType = sourcecode.swift; path = Channel.swift; sourceTree = "<group>"; };
		4E5CABECFE1F147285AF7C64 /* Assets.xcassets */ = {isa = PBXFileReference; lastKnownFileType = folder.assetcatalog; path = Assets.xcassets; sourceTree = "<group>"; };
		4F080C8A467FC2FE09BB4D39 /* VtDashboardApp.swift */ = {isa = PBXFileReference; lastKnownFileType = sourcecode.swift; path = VtDashboardApp.swift; sourceTree = "<group>"; };
		5F738270B017C897317A309F /* View+Extension.swift */ = {isa = PBXFileReference; lastKnownFileType = sourcecode.swift; path = "View+Extension.swift"; sourceTree = "<group>"; };
		67C313E0B39A9D17735F86F6 /* MainView.swift */ = {isa = PBXFileReference; lastKnownFileType = sourcecode.swift; path = MainView.swift; sourceTree = "<group>"; };
		6EC6FC9657E3CD36FBB7EB75 /* ChannelType.swift */ = {isa = PBXFileReference; lastKnownFileType = sourcecode.swift; path = ChannelType.swift; sourceTree = "<group>"; };
		7AD45DA6016162F5F8735E0F /* MockNetworkClient.swift */ = {isa = PBXFileReference; lastKnownFileType = sourcecode.swift; path = MockNetworkClient.swift; sourceTree = "<group>"; };
		7D49C9C5353A159E3C559DFD /* Preview Assets.xcassets */ = {isa = PBXFileReference; lastKnownFileType = folder.assetcatalog; path = "Preview Assets.xcassets"; sourceTree = "<group>"; };
		9605DE3E4D3A108E964EAC5A /* ChannelRequestsView.swift */ = {isa = PBXFileReference; lastKnownFileType = sourcecode.swift; path = ChannelRequestsView.swift; sourceTree = "<group>"; };
		977C696191B7FBB1CB819729 /* ViewStatus.swift */ = {isa = PBXFileReference; lastKnownFileType = sourcecode.swift; path = ViewStatus.swift; sourceTree = "<group>"; };
		A12547C39AF8FA16A266BB0F /* ChannelRequest.swift */ = {isa = PBXFileReference; lastKnownFileType = sourcecode.swift; path = ChannelRequest.swift; sourceTree = "<group>"; };
		AAEB7E10822D0EEA7B7C81D9 /* VtDashboard.app */ = {isa = PBXFileReference; explicitFileType = wrapper.application; includeInIndex = 0; path = VtDashboard.app; sourceTree = BUILT_PRODUCTS_DIR; };
		B6CDCF8FEF643D75FB3562BB /* ChannelRequestRow.swift */ = {isa = PBXFileReference; lastKnownFileType = sourcecode.swift; path = ChannelRequestRow.swift; sourceTree = "<group>"; };
		BB4678D039D9C9CC597D8C4B /* vtdashboard.entitlements */ = {isa = PBXFileReference; lastKnownFileType = text.plist.entitlements; path = vtdashboard.entitlements; sourceTree = "<group>"; };
		BE4EC49125EA7B7F00237968 /* AddChannelRequestView.swift */ = {isa = PBXFileReference; lastKnownFileType = sourcecode.swift; path = AddChannelRequestView.swift; sourceTree = "<group>"; };
		C8044F4B17FFC7297B702F7E /* GetEndpoint.swift */ = {isa = PBXFileReference; lastKnownFileType = sourcecode.swift; path = GetEndpoint.swift; sourceTree = "<group>"; };
		C9F1445BA97934E47330A38C /* SidebarView.swift */ = {isa = PBXFileReference; lastKnownFileType = sourcecode.swift; path = SidebarView.swift; sourceTree = "<group>"; };
		CBC84BD25ABB0419BC51C556 /* VtDashboardTests.xctest */ = {isa = PBXFileReference; explicitFileType = wrapper.cfbundle; includeInIndex = 0; path = VtDashboardTests.xctest; sourceTree = BUILT_PRODUCTS_DIR; };
		D97C2508C6E20E4F53DE957D /* TagText.swift */ = {isa = PBXFileReference; lastKnownFileType = sourcecode.swift; path = TagText.swift; sourceTree = "<group>"; };
		DD3E8CF478581B36F62E9363 /* ChannelRow.swift */ = {isa = PBXFileReference; lastKnownFileType = sourcecode.swift; path = ChannelRow.swift; sourceTree = "<group>"; };
		E0FC4EF4142AEAC4F0F5C6EF /* ChannelRequestsViewModel.swift */ = {isa = PBXFileReference; lastKnownFileType = sourcecode.swift; path = ChannelRequestsViewModel.swift; sourceTree = "<group>"; };
		E216E31D2AA5898CE38BBFFF /* TimeInterval+Extension.swift */ = {isa = PBXFileReference; lastKnownFileType = sourcecode.swift; path = "TimeInterval+Extension.swift"; sourceTree = "<group>"; };
		E397F5D91A77BB009F442D71 /* ChannelRequestStatus.swift */ = {isa = PBXFileReference; lastKnownFileType = sourcecode.swift; path = ChannelRequestStatus.swift; sourceTree = "<group>"; };
		F7174B4020C9F54BB0C16C85 /* ChannelsView.swift */ = {isa = PBXFileReference; lastKnownFileType = sourcecode.swift; path = ChannelsView.swift; sourceTree = "<group>"; };
/* End PBXFileReference section */

/* Begin PBXFrameworksBuildPhase section */
		5E4CB618EF30B2970EE2E596 /* Frameworks */ = {
			isa = PBXFrameworksBuildPhase;
			buildActionMask = 2147483647;
			files = (
				D5EAF63A233C197093AB08B0 /* Kingfisher in Frameworks */,
				855CB76FE8F1889B84CC56CA /* Alamofire in Frameworks */,
			);
			runOnlyForDeploymentPostprocessing = 0;
		};
/* End PBXFrameworksBuildPhase section */

/* Begin PBXGroup section */
		0CBB3F1DD6050575B05C4BBF /* VtDashboardTests */ = {
			isa = PBXGroup;
			children = (
			);
			path = VtDashboardTests;
			sourceTree = "<group>";
		};
		166673B6FE1577DB68936F84 /* Products */ = {
			isa = PBXGroup;
			children = (
				AAEB7E10822D0EEA7B7C81D9 /* VtDashboard.app */,
				CBC84BD25ABB0419BC51C556 /* VtDashboardTests.xctest */,
			);
			name = Products;
			sourceTree = "<group>";
		};
		34D01D5939276A2F11884EEE /* ChannelRequests */ = {
			isa = PBXGroup;
			children = (
				B6CDCF8FEF643D75FB3562BB /* ChannelRequestRow.swift */,
				9605DE3E4D3A108E964EAC5A /* ChannelRequestsView.swift */,
				E0FC4EF4142AEAC4F0F5C6EF /* ChannelRequestsViewModel.swift */,
			);
			path = ChannelRequests;
			sourceTree = "<group>";
		};
		3BF2E42D0EB9FEB72E637543 /* Protocols */ = {
			isa = PBXGroup;
			children = (
				3288323CA31466DA45A7E8D6 /* ViewStatusManageable.swift */,
			);
			path = Protocols;
			sourceTree = "<group>";
		};
		3CFDC17E0689EF43973825BA /* Infrastructures */ = {
			isa = PBXGroup;
			children = (
				C8044F4B17FFC7297B702F7E /* GetEndpoint.swift */,
				7AD45DA6016162F5F8735E0F /* MockNetworkClient.swift */,
				2352F18BCB91E480E6FC8225 /* NetworkClient.swift */,
			);
			path = Infrastructures;
			sourceTree = "<group>";
		};
		42231D23091D4BC4738CD87A /* Channels */ = {
			isa = PBXGroup;
			children = (
				DD3E8CF478581B36F62E9363 /* ChannelRow.swift */,
				F7174B4020C9F54BB0C16C85 /* ChannelsView.swift */,
				017E2ED5905C70861534EF0E /* ChannelsViewModel.swift */,
			);
			path = Channels;
			sourceTree = "<group>";
		};
		5F8FF9DFBF8AB9BDD328C36A /* Atoms */ = {
			isa = PBXGroup;
			children = (
				D97C2508C6E20E4F53DE957D /* TagText.swift */,
			);
			path = Atoms;
			sourceTree = "<group>";
		};
		79FE4D2F29D08E56B439EB9E /* VtDashboard */ = {
			isa = PBXGroup;
			children = (
				4E5CABECFE1F147285AF7C64 /* Assets.xcassets */,
				2840926D78F0CA354A5F6B81 /* Info.plist */,
				BB4678D039D9C9CC597D8C4B /* vtdashboard.entitlements */,
				E4B3E4EE16AFDA68778A0BA6 /* Application */,
				FF188642C3FC9085F3E78F41 /* Components */,
				B3ED4EC0ED5B4B403AA9DA7D /* Entities */,
				CB6787A62CCD0F14EDA29E1B /* Extensions */,
				3CFDC17E0689EF43973825BA /* Infrastructures */,
				89E9287034BBB410A86BA95C /* Preview Content */,
				3BF2E42D0EB9FEB72E637543 /* Protocols */,
			);
			path = VtDashboard;
			sourceTree = "<group>";
		};
		89E9287034BBB410A86BA95C /* Preview Content */ = {
			isa = PBXGroup;
			children = (
				7D49C9C5353A159E3C559DFD /* Preview Assets.xcassets */,
			);
			path = "Preview Content";
			sourceTree = "<group>";
		};
		B3ED4EC0ED5B4B403AA9DA7D /* Entities */ = {
			isa = PBXGroup;
			children = (
				3703DBA8427A5845D46C8B78 /* Channel.swift */,
				A12547C39AF8FA16A266BB0F /* ChannelRequest.swift */,
				E397F5D91A77BB009F442D71 /* ChannelRequestStatus.swift */,
				6EC6FC9657E3CD36FBB7EB75 /* ChannelType.swift */,
				977C696191B7FBB1CB819729 /* ViewStatus.swift */,
				06FB0A9FFFE5F4CAEDD67307 /* ViewType.swift */,
			);
			path = Entities;
			sourceTree = "<group>";
		};
		BE4EC49025EA7B6F00237968 /* AddChannelRequest */ = {
			isa = PBXGroup;
			children = (
				BE4EC49125EA7B7F00237968 /* AddChannelRequestView.swift */,
			);
			path = AddChannelRequest;
			sourceTree = "<group>";
		};
		CB6787A62CCD0F14EDA29E1B /* Extensions */ = {
			isa = PBXGroup;
			children = (
				E216E31D2AA5898CE38BBFFF /* TimeInterval+Extension.swift */,
				5F738270B017C897317A309F /* View+Extension.swift */,
			);
			path = Extensions;
			sourceTree = "<group>";
		};
		E4B3E4EE16AFDA68778A0BA6 /* Application */ = {
			isa = PBXGroup;
			children = (
				BE4EC49025EA7B6F00237968 /* AddChannelRequest */,
				67C313E0B39A9D17735F86F6 /* MainView.swift */,
				C9F1445BA97934E47330A38C /* SidebarView.swift */,
				4F080C8A467FC2FE09BB4D39 /* VtDashboardApp.swift */,
				34D01D5939276A2F11884EEE /* ChannelRequests */,
				42231D23091D4BC4738CD87A /* Channels */,
			);
			path = Application;
			sourceTree = "<group>";
		};
		FF188642C3FC9085F3E78F41 /* Components */ = {
			isa = PBXGroup;
			children = (
				203AF57C771548CFC9B17BE2 /* LoadingView.swift */,
				5F8FF9DFBF8AB9BDD328C36A /* Atoms */,
			);
			path = Components;
			sourceTree = "<group>";
		};
		FF6B4D5D53A4E20B5B8D490F = {
			isa = PBXGroup;
			children = (
				79FE4D2F29D08E56B439EB9E /* VtDashboard */,
				0CBB3F1DD6050575B05C4BBF /* VtDashboardTests */,
				166673B6FE1577DB68936F84 /* Products */,
			);
			sourceTree = "<group>";
		};
/* End PBXGroup section */

/* Begin PBXNativeTarget section */
		1762832AB4FD559C8E22C48E /* VtDashboardTests */ = {
			isa = PBXNativeTarget;
			buildConfigurationList = D824E2D2D7CAB40EA4A6B29A /* Build configuration list for PBXNativeTarget "VtDashboardTests" */;
			buildPhases = (
				A5ADAEABCB7529D648670297 /* Sources */,
			);
			buildRules = (
			);
			dependencies = (
				606C707B86B97F53003DF550 /* PBXTargetDependency */,
			);
			name = VtDashboardTests;
			productName = VtDashboardTests;
			productReference = CBC84BD25ABB0419BC51C556 /* VtDashboardTests.xctest */;
			productType = "com.apple.product-type.bundle.unit-test";
		};
		6A336A5E7092B199828B6DA2 /* VtDashboard */ = {
			isa = PBXNativeTarget;
			buildConfigurationList = 65CE51ADFC04BB4412A9F847 /* Build configuration list for PBXNativeTarget "VtDashboard" */;
			buildPhases = (
				A5BD0FBFEA4AF60F9AE13971 /* Sources */,
				DE7D2D4286BA0DF39A872ACC /* Resources */,
				5E4CB618EF30B2970EE2E596 /* Frameworks */,
			);
			buildRules = (
			);
			dependencies = (
			);
			name = VtDashboard;
			packageProductDependencies = (
				E73A7B086C87712599F97715 /* Kingfisher */,
				6CF039E8A8F170C0142DDCBF /* Alamofire */,
			);
			productName = VtDashboard;
			productReference = AAEB7E10822D0EEA7B7C81D9 /* VtDashboard.app */;
			productType = "com.apple.product-type.application";
		};
/* End PBXNativeTarget section */

/* Begin PBXProject section */
		87E9A1746999276B753AE709 /* Project object */ = {
			isa = PBXProject;
			attributes = {
				LastUpgradeCheck = 1200;
			};
			buildConfigurationList = 8C119A102B5EC9CE95E4E8D1 /* Build configuration list for PBXProject "VtDashboard" */;
			compatibilityVersion = "Xcode 10.0";
			developmentRegion = en;
			hasScannedForEncodings = 0;
			knownRegions = (
				Base,
				en,
			);
			mainGroup = FF6B4D5D53A4E20B5B8D490F;
			packageReferences = (
				1F734F0318000C7FF17F466B /* XCRemoteSwiftPackageReference "Alamofire" */,
				400E3EF063CF7EDCE6D29E93 /* XCRemoteSwiftPackageReference "Kingfisher" */,
			);
			projectDirPath = "";
			projectRoot = "";
			targets = (
				6A336A5E7092B199828B6DA2 /* VtDashboard */,
				1762832AB4FD559C8E22C48E /* VtDashboardTests */,
			);
		};
/* End PBXProject section */

/* Begin PBXResourcesBuildPhase section */
		DE7D2D4286BA0DF39A872ACC /* Resources */ = {
			isa = PBXResourcesBuildPhase;
			buildActionMask = 2147483647;
			files = (
				7B94A0A40400B8B9999F3083 /* Assets.xcassets in Resources */,
				11722583BD77FCF24303A566 /* Preview Assets.xcassets in Resources */,
			);
			runOnlyForDeploymentPostprocessing = 0;
		};
/* End PBXResourcesBuildPhase section */

/* Begin PBXSourcesBuildPhase section */
		A5ADAEABCB7529D648670297 /* Sources */ = {
			isa = PBXSourcesBuildPhase;
			buildActionMask = 2147483647;
			files = (
			);
			runOnlyForDeploymentPostprocessing = 0;
		};
		A5BD0FBFEA4AF60F9AE13971 /* Sources */ = {
			isa = PBXSourcesBuildPhase;
			buildActionMask = 2147483647;
			files = (
				5F636FEEE2B4A6D2848D581C /* Channel.swift in Sources */,
				9575694CD5C185B7FC0566C9 /* ChannelRequest.swift in Sources */,
				BE47948F69666ADC70DC171B /* ChannelRequestRow.swift in Sources */,
				C51F75621AFA1D3D9EA3A76C /* ChannelRequestStatus.swift in Sources */,
				BE4EC49225EA7B7F00237968 /* AddChannelRequestView.swift in Sources */,
				4F309CA89DE7466A1A9263CD /* ChannelRequestsView.swift in Sources */,
				C5E16D068E4C4BE3158EC84D /* ChannelRequestsViewModel.swift in Sources */,
				80713FA74673B96F28219874 /* ChannelRow.swift in Sources */,
				1677A81938142167B6B78B6C /* ChannelType.swift in Sources */,
				82D923352607603131FBDA5F /* ChannelsView.swift in Sources */,
				9B68E5B1FF99F926A51D375D /* ChannelsViewModel.swift in Sources */,
				39189764CD5F86684E0035F8 /* GetEndpoint.swift in Sources */,
				544B25685E4A7BE914E0E9F5 /* LoadingView.swift in Sources */,
				D7E730223E5483FB20748753 /* MainView.swift in Sources */,
				516D629A76FF2EEDF1A8C24D /* MockNetworkClient.swift in Sources */,
				450DB27538E228D5C74AF224 /* NetworkClient.swift in Sources */,
				9EC4B4D45799B17AD86F3898 /* SidebarView.swift in Sources */,
				F262E7FE53B938E3ACF707E4 /* TagText.swift in Sources */,
				ADC98AC2D54D47AED9D766EC /* TimeInterval+Extension.swift in Sources */,
				56FC043263285C5B7FA5F1EB /* View+Extension.swift in Sources */,
				4D51EDF6EB42AFC9D7D05B56 /* ViewStatus.swift in Sources */,
				3899C0656A774A44D857A178 /* ViewStatusManageable.swift in Sources */,
				A1A12A97716B4562C2342130 /* ViewType.swift in Sources */,
				FBFDDFB99D8584FE78AA28F9 /* VtDashboardApp.swift in Sources */,
			);
			runOnlyForDeploymentPostprocessing = 0;
		};
/* End PBXSourcesBuildPhase section */

/* Begin PBXTargetDependency section */
		606C707B86B97F53003DF550 /* PBXTargetDependency */ = {
			isa = PBXTargetDependency;
			target = 6A336A5E7092B199828B6DA2 /* VtDashboard */;
			targetProxy = 0081220B77CC2D9C7A9030A8 /* PBXContainerItemProxy */;
		};
/* End PBXTargetDependency section */

/* Begin XCBuildConfiguration section */
		06099AE32882D47C16DBB017 /* Debug */ = {
			isa = XCBuildConfiguration;
			buildSettings = {
				ALWAYS_SEARCH_USER_PATHS = NO;
				CLANG_ANALYZER_NONNULL = YES;
				CLANG_ANALYZER_NUMBER_OBJECT_CONVERSION = YES_AGGRESSIVE;
				CLANG_CXX_LANGUAGE_STANDARD = "gnu++14";
				CLANG_CXX_LIBRARY = "libc++";
				CLANG_ENABLE_MODULES = YES;
				CLANG_ENABLE_OBJC_ARC = YES;
				CLANG_ENABLE_OBJC_WEAK = YES;
				CLANG_WARN_BLOCK_CAPTURE_AUTORELEASING = YES;
				CLANG_WARN_BOOL_CONVERSION = YES;
				CLANG_WARN_COMMA = YES;
				CLANG_WARN_CONSTANT_CONVERSION = YES;
				CLANG_WARN_DEPRECATED_OBJC_IMPLEMENTATIONS = YES;
				CLANG_WARN_DIRECT_OBJC_ISA_USAGE = YES_ERROR;
				CLANG_WARN_DOCUMENTATION_COMMENTS = YES;
				CLANG_WARN_EMPTY_BODY = YES;
				CLANG_WARN_ENUM_CONVERSION = YES;
				CLANG_WARN_INFINITE_RECURSION = YES;
				CLANG_WARN_INT_CONVERSION = YES;
				CLANG_WARN_NON_LITERAL_NULL_CONVERSION = YES;
				CLANG_WARN_OBJC_IMPLICIT_RETAIN_SELF = YES;
				CLANG_WARN_OBJC_LITERAL_CONVERSION = YES;
				CLANG_WARN_OBJC_ROOT_CLASS = YES_ERROR;
				CLANG_WARN_QUOTED_INCLUDE_IN_FRAMEWORK_HEADER = YES;
				CLANG_WARN_RANGE_LOOP_ANALYSIS = YES;
				CLANG_WARN_STRICT_PROTOTYPES = YES;
				CLANG_WARN_SUSPICIOUS_MOVE = YES;
				CLANG_WARN_UNGUARDED_AVAILABILITY = YES_AGGRESSIVE;
				CLANG_WARN_UNREACHABLE_CODE = YES;
				CLANG_WARN__DUPLICATE_METHOD_MATCH = YES;
				COPY_PHASE_STRIP = NO;
				DEBUG_INFORMATION_FORMAT = dwarf;
				ENABLE_STRICT_OBJC_MSGSEND = YES;
				ENABLE_TESTABILITY = YES;
				GCC_C_LANGUAGE_STANDARD = gnu11;
				GCC_DYNAMIC_NO_PIC = NO;
				GCC_NO_COMMON_BLOCKS = YES;
				GCC_OPTIMIZATION_LEVEL = 0;
				GCC_PREPROCESSOR_DEFINITIONS = (
					"$(inherited)",
					"DEBUG=1",
				);
				GCC_WARN_64_TO_32_BIT_CONVERSION = YES;
				GCC_WARN_ABOUT_RETURN_TYPE = YES_ERROR;
				GCC_WARN_UNDECLARED_SELECTOR = YES;
				GCC_WARN_UNINITIALIZED_AUTOS = YES_AGGRESSIVE;
				GCC_WARN_UNUSED_FUNCTION = YES;
				GCC_WARN_UNUSED_VARIABLE = YES;
				MACOSX_DEPLOYMENT_TARGET = 11.0;
				MTL_ENABLE_DEBUG_INFO = INCLUDE_SOURCE;
				MTL_FAST_MATH = YES;
				ONLY_ACTIVE_ARCH = YES;
				PRODUCT_NAME = "$(TARGET_NAME)";
				SDKROOT = macosx;
				SWIFT_ACTIVE_COMPILATION_CONDITIONS = DEBUG;
				SWIFT_OPTIMIZATION_LEVEL = "-Onone";
				SWIFT_VERSION = 5.0;
			};
			name = Debug;
		};
		28943C4C855A15E601CC9FD1 /* Debug */ = {
			isa = XCBuildConfiguration;
			buildSettings = {
				ASSETCATALOG_COMPILER_APPICON_NAME = AppIcon;
				COMBINE_HIDPI_IMAGES = YES;
				INFOPLIST_FILE = VtDashboard/Info.plist;
				LD_RUNPATH_SEARCH_PATHS = (
					"$(inherited)",
					"@executable_path/../Frameworks",
				);
				PRODUCT_BUNDLE_IDENTIFIER = com.chuysan.vtuber.VtDashboard;
				SDKROOT = macosx;
			};
			name = Debug;
		};
		5C483DF7D87215CCDF27827A /* Release */ = {
			isa = XCBuildConfiguration;
			buildSettings = {
				ALWAYS_SEARCH_USER_PATHS = NO;
				CLANG_ANALYZER_NONNULL = YES;
				CLANG_ANALYZER_NUMBER_OBJECT_CONVERSION = YES_AGGRESSIVE;
				CLANG_CXX_LANGUAGE_STANDARD = "gnu++14";
				CLANG_CXX_LIBRARY = "libc++";
				CLANG_ENABLE_MODULES = YES;
				CLANG_ENABLE_OBJC_ARC = YES;
				CLANG_ENABLE_OBJC_WEAK = YES;
				CLANG_WARN_BLOCK_CAPTURE_AUTORELEASING = YES;
				CLANG_WARN_BOOL_CONVERSION = YES;
				CLANG_WARN_COMMA = YES;
				CLANG_WARN_CONSTANT_CONVERSION = YES;
				CLANG_WARN_DEPRECATED_OBJC_IMPLEMENTATIONS = YES;
				CLANG_WARN_DIRECT_OBJC_ISA_USAGE = YES_ERROR;
				CLANG_WARN_DOCUMENTATION_COMMENTS = YES;
				CLANG_WARN_EMPTY_BODY = YES;
				CLANG_WARN_ENUM_CONVERSION = YES;
				CLANG_WARN_INFINITE_RECURSION = YES;
				CLANG_WARN_INT_CONVERSION = YES;
				CLANG_WARN_NON_LITERAL_NULL_CONVERSION = YES;
				CLANG_WARN_OBJC_IMPLICIT_RETAIN_SELF = YES;
				CLANG_WARN_OBJC_LITERAL_CONVERSION = YES;
				CLANG_WARN_OBJC_ROOT_CLASS = YES_ERROR;
				CLANG_WARN_QUOTED_INCLUDE_IN_FRAMEWORK_HEADER = YES;
				CLANG_WARN_RANGE_LOOP_ANALYSIS = YES;
				CLANG_WARN_STRICT_PROTOTYPES = YES;
				CLANG_WARN_SUSPICIOUS_MOVE = YES;
				CLANG_WARN_UNGUARDED_AVAILABILITY = YES_AGGRESSIVE;
				CLANG_WARN_UNREACHABLE_CODE = YES;
				CLANG_WARN__DUPLICATE_METHOD_MATCH = YES;
				COPY_PHASE_STRIP = NO;
				DEBUG_INFORMATION_FORMAT = "dwarf-with-dsym";
				ENABLE_NS_ASSERTIONS = NO;
				ENABLE_STRICT_OBJC_MSGSEND = YES;
				GCC_C_LANGUAGE_STANDARD = gnu11;
				GCC_NO_COMMON_BLOCKS = YES;
				GCC_WARN_64_TO_32_BIT_CONVERSION = YES;
				GCC_WARN_ABOUT_RETURN_TYPE = YES_ERROR;
				GCC_WARN_UNDECLARED_SELECTOR = YES;
				GCC_WARN_UNINITIALIZED_AUTOS = YES_AGGRESSIVE;
				GCC_WARN_UNUSED_FUNCTION = YES;
				GCC_WARN_UNUSED_VARIABLE = YES;
				MACOSX_DEPLOYMENT_TARGET = 11.0;
				MTL_ENABLE_DEBUG_INFO = NO;
				MTL_FAST_MATH = YES;
				PRODUCT_NAME = "$(TARGET_NAME)";
				SDKROOT = macosx;
				SWIFT_COMPILATION_MODE = wholemodule;
				SWIFT_OPTIMIZATION_LEVEL = "-O";
				SWIFT_VERSION = 5.0;
			};
			name = Release;
		};
		917AC315DBB8F7F9ED32222B /* Release */ = {
			isa = XCBuildConfiguration;
			buildSettings = {
				BUNDLE_LOADER = "$(TEST_HOST)";
				COMBINE_HIDPI_IMAGES = YES;
				LD_RUNPATH_SEARCH_PATHS = (
					"$(inherited)",
					"@executable_path/../Frameworks",
					"@loader_path/../Frameworks",
				);
				PRODUCT_BUNDLE_IDENTIFIER = com.chuysan.vtuber.VtDashboardTests;
				SDKROOT = macosx;
				TEST_HOST = "$(BUILT_PRODUCTS_DIR)/VtDashboard.app/Contents/MacOS/VtDashboard";
			};
			name = Release;
		};
		AB46EB52E40B46E5BB8F17E9 /* Release */ = {
			isa = XCBuildConfiguration;
			buildSettings = {
				ASSETCATALOG_COMPILER_APPICON_NAME = AppIcon;
				COMBINE_HIDPI_IMAGES = YES;
				INFOPLIST_FILE = VtDashboard/Info.plist;
				LD_RUNPATH_SEARCH_PATHS = (
					"$(inherited)",
					"@executable_path/../Frameworks",
				);
				PRODUCT_BUNDLE_IDENTIFIER = com.chuysan.vtuber.VtDashboard;
				SDKROOT = macosx;
			};
			name = Release;
		};
		DAF1A83B5A625B31F1EB267E /* Debug */ = {
			isa = XCBuildConfiguration;
			buildSettings = {
				BUNDLE_LOADER = "$(TEST_HOST)";
				COMBINE_HIDPI_IMAGES = YES;
				LD_RUNPATH_SEARCH_PATHS = (
					"$(inherited)",
					"@executable_path/../Frameworks",
					"@loader_path/../Frameworks",
				);
				PRODUCT_BUNDLE_IDENTIFIER = com.chuysan.vtuber.VtDashboardTests;
				SDKROOT = macosx;
				TEST_HOST = "$(BUILT_PRODUCTS_DIR)/VtDashboard.app/Contents/MacOS/VtDashboard";
			};
			name = Debug;
		};
/* End XCBuildConfiguration section */

/* Begin XCConfigurationList section */
		65CE51ADFC04BB4412A9F847 /* Build configuration list for PBXNativeTarget "VtDashboard" */ = {
			isa = XCConfigurationList;
			buildConfigurations = (
				28943C4C855A15E601CC9FD1 /* Debug */,
				AB46EB52E40B46E5BB8F17E9 /* Release */,
			);
			defaultConfigurationIsVisible = 0;
			defaultConfigurationName = Debug;
		};
		8C119A102B5EC9CE95E4E8D1 /* Build configuration list for PBXProject "VtDashboard" */ = {
			isa = XCConfigurationList;
			buildConfigurations = (
				06099AE32882D47C16DBB017 /* Debug */,
				5C483DF7D87215CCDF27827A /* Release */,
			);
			defaultConfigurationIsVisible = 0;
			defaultConfigurationName = Debug;
		};
		D824E2D2D7CAB40EA4A6B29A /* Build configuration list for PBXNativeTarget "VtDashboardTests" */ = {
			isa = XCConfigurationList;
			buildConfigurations = (
				DAF1A83B5A625B31F1EB267E /* Debug */,
				917AC315DBB8F7F9ED32222B /* Release */,
			);
			defaultConfigurationIsVisible = 0;
			defaultConfigurationName = Debug;
		};
/* End XCConfigurationList section */

/* Begin XCRemoteSwiftPackageReference section */
		1F734F0318000C7FF17F466B /* XCRemoteSwiftPackageReference "Alamofire" */ = {
			isa = XCRemoteSwiftPackageReference;
			repositoryURL = "https://github.com/Alamofire/Alamofire";
			requirement = {
				kind = upToNextMajorVersion;
				minimumVersion = 5.4.1;
			};
		};
		400E3EF063CF7EDCE6D29E93 /* XCRemoteSwiftPackageReference "Kingfisher" */ = {
			isa = XCRemoteSwiftPackageReference;
			repositoryURL = "https://github.com/onevcat/Kingfisher";
			requirement = {
				kind = upToNextMajorVersion;
				minimumVersion = 6.1.1;
			};
		};
/* End XCRemoteSwiftPackageReference section */

/* Begin XCSwiftPackageProductDependency section */
		6CF039E8A8F170C0142DDCBF /* Alamofire */ = {
			isa = XCSwiftPackageProductDependency;
			package = 1F734F0318000C7FF17F466B /* XCRemoteSwiftPackageReference "Alamofire" */;
			productName = Alamofire;
		};
		E73A7B086C87712599F97715 /* Kingfisher */ = {
			isa = XCSwiftPackageProductDependency;
			package = 400E3EF063CF7EDCE6D29E93 /* XCRemoteSwiftPackageReference "Kingfisher" */;
			productName = Kingfisher;
		};
/* End XCSwiftPackageProductDependency section */
	};
	rootObject = 87E9A1746999276B753AE709 /* Project object */;
}
